
Microsoft Visual Studio Solution File, Format Version 12.00
# Visual Studio Version 17
VisualStudioVersion = 17.1.32414.318
MinimumVisualStudioVersion = 10.0.40219.1
Project("{FAE04EC0-301F-11D3-BF4B-00C04F79EFBC}") = "HosCad", "HosCad\HosCad.csproj", "{ACF2EFE2-E5B5-4143-8C29-8B92EA977397}"
EndProject
Global
	GlobalSection(SolutionConfigurationPlatforms) = preSolution
		Debug|Any CPU = Debug|Any CPU
		Release|Any CPU = Release|Any CPU
	EndGlobalSection
	GlobalSection(ProjectConfigurationPlatforms) = postSolution
		{ACF2EFE2-E5B5-4143-8C29-8B92EA977397}.Debug|Any CPU.ActiveCfg = Debug|Any CPU
		{ACF2EFE2-E5B5-4143-8C29-8B92EA977397}.Debug|Any CPU.Build.0 = Debug|Any CPU
		{ACF2EFE2-E5B5-4143-8C29-8B92EA977397}.Release|Any CPU.ActiveCfg = Release|Any CPU
		{ACF2EFE2-E5B5-4143-8C29-8B92EA977397}.Release|Any CPU.Build.0 = Release|Any CPU
	EndGlobalSection
	GlobalSection(SolutionProperties) = preSolution
		HideSolutionNode = FALSE
	EndGlobalSection
	GlobalSection(ExtensibilityGlobals) = postSolution
		SolutionGuid = {DF566BDB-A791-4AAC-8A94-E7955C14DC5E}
	EndGlobalSection
EndGlobal
